// !$*UTF8*$!
{
	archiveVersion = 1;
	classes = {
	};
	objectVersion = 48;
	objects = {

/* Begin PBXBuildFile section */
		657A4E96200604680001F0E0 /* AppDelegate.swift in Sources */ = {isa = PBXBuildFile; fileRef = 657A4E95200604680001F0E0 /* AppDelegate.swift */; };
		657A4E9F200604680001F0E0 /* Main.storyboard in Resources */ = {isa = PBXBuildFile; fileRef = 657A4E9D200604680001F0E0 /* Main.storyboard */; };
		657A4EA1200604680001F0E0 /* Assets.xcassets in Resources */ = {isa = PBXBuildFile; fileRef = 657A4EA0200604680001F0E0 /* Assets.xcassets */; };
		657A4EA4200604680001F0E0 /* LaunchScreen.storyboard in Resources */ = {isa = PBXBuildFile; fileRef = 657A4EA2200604680001F0E0 /* LaunchScreen.storyboard */; };
		657A4EAF200604690001F0E0 /* FinalTests.swift in Sources */ = {isa = PBXBuildFile; fileRef = 657A4EAE200604680001F0E0 /* FinalTests.swift */; };
		657A4EBA200604690001F0E0 /* FinalUITests.swift in Sources */ = {isa = PBXBuildFile; fileRef = 657A4EB9200604690001F0E0 /* FinalUITests.swift */; };
		657A4EC8200606830001F0E0 /* FinalViewController.swift in Sources */ = {isa = PBXBuildFile; fileRef = 657A4EC7200606830001F0E0 /* FinalViewController.swift */; };
		657A4ECA20064F8C0001F0E0 /* emoji.png in Resources */ = {isa = PBXBuildFile; fileRef = 657A4EC920064F8C0001F0E0 /* emoji.png */; };
/* End PBXBuildFile section */

/* Begin PBXContainerItemProxy section */
		657A4EAB200604680001F0E0 /* PBXContainerItemProxy */ = {
			isa = PBXContainerItemProxy;
			containerPortal = 657A4E8A200604680001F0E0 /* Project object */;
			proxyType = 1;
			remoteGlobalIDString = 657A4E91200604680001F0E0;
			remoteInfo = Final;
		};
		657A4EB6200604690001F0E0 /* PBXContainerItemProxy */ = {
			isa = PBXContainerItemProxy;
			containerPortal = 657A4E8A200604680001F0E0 /* Project object */;
			proxyType = 1;
			remoteGlobalIDString = 657A4E91200604680001F0E0;
			remoteInfo = Final;
		};
/* End PBXContainerItemProxy section */

/* Begin PBXFileReference section */
		657A4E92200604680001F0E0 /* Final.app */ = {isa = PBXFileReference; explicitFileType = wrapper.application; includeInIndex = 0; path = Final.app; sourceTree = BUILT_PRODUCTS_DIR; };
		657A4E95200604680001F0E0 /* AppDelegate.swift */ = {isa = PBXFileReference; lastKnownFileType = sourcecode.swift; path = AppDelegate.swift; sourceTree = "<group>"; };
		657A4E9E200604680001F0E0 /* Base */ = {isa = PBXFileReference; lastKnownFileType = file.storyboard; name = Base; path = Base.lproj/Main.storyboard; sourceTree = "<group>"; };
		657A4EA0200604680001F0E0 /* Assets.xcassets */ = {isa = PBXFileReference; lastKnownFileType = folder.assetcatalog; path = Assets.xcassets; sourceTree = "<group>"; };
		657A4EA3200604680001F0E0 /* Base */ = {isa = PBXFileReference; lastKnownFileType = file.storyboard; name = Base; path = Base.lproj/LaunchScreen.storyboard; sourceTree = "<group>"; };
		657A4EA5200604680001F0E0 /* Info.plist */ = {isa = PBXFileReference; lastKnownFileType = text.plist.xml; path = Info.plist; sourceTree = "<group>"; };
		657A4EAA200604680001F0E0 /* FinalTests.xctest */ = {isa = PBXFileReference; explicitFileType = wrapper.cfbundle; includeInIndex = 0; path = FinalTests.xctest; sourceTree = BUILT_PRODUCTS_DIR; };
		657A4EAE200604680001F0E0 /* FinalTests.swift */ = {isa = PBXFileReference; lastKnownFileType = sourcecode.swift; path = FinalTests.swift; sourceTree = "<group>"; };
		657A4EB0200604690001F0E0 /* Info.plist */ = {isa = PBXFileReference; lastKnownFileType = text.plist.xml; path = Info.plist; sourceTree = "<group>"; };
		657A4EB5200604690001F0E0 /* FinalUITests.xctest */ = {isa = PBXFileReference; explicitFileType = wrapper.cfbundle; includeInIndex = 0; path = FinalUITests.xctest; sourceTree = BUILT_PRODUCTS_DIR; };
		657A4EB9200604690001F0E0 /* FinalUITests.swift */ = {isa = PBXFileReference; lastKnownFileType = sourcecode.swift; path = FinalUITests.swift; sourceTree = "<group>"; };
		657A4EBB200604690001F0E0 /* Info.plist */ = {isa = PBXFileReference; lastKnownFileType = text.plist.xml; path = Info.plist; sourceTree = "<group>"; };
		657A4EC7200606830001F0E0 /* FinalViewController.swift */ = {isa = PBXFileReference; lastKnownFileType = sourcecode.swift; path = FinalViewController.swift; sourceTree = "<group>"; };
		657A4EC920064F8C0001F0E0 /* emoji.png */ = {isa = PBXFileReference; lastKnownFileType = image.png; name = emoji.png; path = ../../../Downloads/emoji.png; sourceTree = "<group>"; };
/* End PBXFileReference section */

/* Begin PBXFrameworksBuildPhase section */
		657A4E8F200604680001F0E0 /* Frameworks */ = {
			isa = PBXFrameworksBuildPhase;
			buildActionMask = 2147483647;
			files = (
			);
			runOnlyForDeploymentPostprocessing = 0;
		};
		657A4EA7200604680001F0E0 /* Frameworks */ = {
			isa = PBXFrameworksBuildPhase;
			buildActionMask = 2147483647;
			files = (
			);
			runOnlyForDeploymentPostprocessing = 0;
		};
		657A4EB2200604690001F0E0 /* Frameworks */ = {
			isa = PBXFrameworksBuildPhase;
			buildActionMask = 2147483647;
			files = (
			);
			runOnlyForDeploymentPostprocessing = 0;
		};
/* End PBXFrameworksBuildPhase section */

/* Begin PBXGroup section */
		657A4E89200604680001F0E0 = {
			isa = PBXGroup;
			children = (
				657A4E94200604680001F0E0 /* Final */,
				657A4EAD200604680001F0E0 /* FinalTests */,
				657A4EB8200604690001F0E0 /* FinalUITests */,
				657A4E93200604680001F0E0 /* Products */,
			);
			sourceTree = "<group>";
		};
		657A4E93200604680001F0E0 /* Products */ = {
			isa = PBXGroup;
			children = (
				657A4E92200604680001F0E0 /* Final.app */,
				657A4EAA200604680001F0E0 /* FinalTests.xctest */,
				657A4EB5200604690001F0E0 /* FinalUITests.xctest */,
			);
			name = Products;
			sourceTree = "<group>";
		};
		657A4E94200604680001F0E0 /* Final */ = {
			isa = PBXGroup;
			children = (
				657A4EC920064F8C0001F0E0 /* emoji.png */,
				657A4E95200604680001F0E0 /* AppDelegate.swift */,
				657A4E9D200604680001F0E0 /* Main.storyboard */,
				657A4EA0200604680001F0E0 /* Assets.xcassets */,
				657A4EA2200604680001F0E0 /* LaunchScreen.storyboard */,
				657A4EA5200604680001F0E0 /* Info.plist */,
				657A4EC7200606830001F0E0 /* FinalViewController.swift */,
			);
			path = Final;
			sourceTree = "<group>";
		};
		657A4EAD200604680001F0E0 /* FinalTests */ = {
			isa = PBXGroup;
			children = (
				657A4EAE200604680001F0E0 /* FinalTests.swift */,
				657A4EB0200604690001F0E0 /* Info.plist */,
			);
			path = FinalTests;
			sourceTree = "<group>";
		};
		657A4EB8200604690001F0E0 /* FinalUITests */ = {
			isa = PBXGroup;
			children = (
				657A4EB9200604690001F0E0 /* FinalUITests.swift */,
				657A4EBB200604690001F0E0 /* Info.plist */,
			);
			path = FinalUITests;
			sourceTree = "<group>";
		};
/* End PBXGroup section */

/* Begin PBXNativeTarget section */
		657A4E91200604680001F0E0 /* Final */ = {
			isa = PBXNativeTarget;
			buildConfigurationList = 657A4EBE200604690001F0E0 /* Build configuration list for PBXNativeTarget "Final" */;
			buildPhases = (
				657A4E8E200604680001F0E0 /* Sources */,
				657A4E8F200604680001F0E0 /* Frameworks */,
				657A4E90200604680001F0E0 /* Resources */,
			);
			buildRules = (
			);
			dependencies = (
			);
			name = Final;
			productName = Final;
			productReference = 657A4E92200604680001F0E0 /* Final.app */;
			productType = "com.apple.product-type.application";
		};
		657A4EA9200604680001F0E0 /* FinalTests */ = {
			isa = PBXNativeTarget;
			buildConfigurationList = 657A4EC1200604690001F0E0 /* Build configuration list for PBXNativeTarget "FinalTests" */;
			buildPhases = (
				657A4EA6200604680001F0E0 /* Sources */,
				657A4EA7200604680001F0E0 /* Frameworks */,
				657A4EA8200604680001F0E0 /* Resources */,
			);
			buildRules = (
			);
			dependencies = (
				657A4EAC200604680001F0E0 /* PBXTargetDependency */,
			);
			name = FinalTests;
			productName = FinalTests;
			productReference = 657A4EAA200604680001F0E0 /* FinalTests.xctest */;
			productType = "com.apple.product-type.bundle.unit-test";
		};
		657A4EB4200604690001F0E0 /* FinalUITests */ = {
			isa = PBXNativeTarget;
			buildConfigurationList = 657A4EC4200604690001F0E0 /* Build configuration list for PBXNativeTarget "FinalUITests" */;
			buildPhases = (
				657A4EB1200604690001F0E0 /* Sources */,
				657A4EB2200604690001F0E0 /* Frameworks */,
				657A4EB3200604690001F0E0 /* Resources */,
			);
			buildRules = (
			);
			dependencies = (
				657A4EB7200604690001F0E0 /* PBXTargetDependency */,
			);
			name = FinalUITests;
			productName = FinalUITests;
			productReference = 657A4EB5200604690001F0E0 /* FinalUITests.xctest */;
			productType = "com.apple.product-type.bundle.ui-testing";
		};
/* End PBXNativeTarget section */

/* Begin PBXProject section */
		657A4E8A200604680001F0E0 /* Project object */ = {
			isa = PBXProject;
			attributes = {
				LastSwiftUpdateCheck = 0920;
				LastUpgradeCheck = 0920;
				ORGANIZATIONNAME = Grace;
				TargetAttributes = {
					657A4E91200604680001F0E0 = {
						CreatedOnToolsVersion = 9.2;
						ProvisioningStyle = Automatic;
					};
					657A4EA9200604680001F0E0 = {
						CreatedOnToolsVersion = 9.2;
						ProvisioningStyle = Automatic;
						TestTargetID = 657A4E91200604680001F0E0;
					};
					657A4EB4200604690001F0E0 = {
						CreatedOnToolsVersion = 9.2;
						ProvisioningStyle = Automatic;
						TestTargetID = 657A4E91200604680001F0E0;
					};
				};
			};
			buildConfigurationList = 657A4E8D200604680001F0E0 /* Build configuration list for PBXProject "Final" */;
			compatibilityVersion = "Xcode 8.0";
			developmentRegion = en;
			hasScannedForEncodings = 0;
			knownRegions = (
				en,
				Base,
			);
			mainGroup = 657A4E89200604680001F0E0;
			productRefGroup = 657A4E93200604680001F0E0 /* Products */;
			projectDirPath = "";
			projectRoot = "";
			targets = (
				657A4E91200604680001F0E0 /* Final */,
				657A4EA9200604680001F0E0 /* FinalTests */,
				657A4EB4200604690001F0E0 /* FinalUITests */,
			);
		};
/* End PBXProject section */

/* Begin PBXResourcesBuildPhase section */
		657A4E90200604680001F0E0 /* Resources */ = {
			isa = PBXResourcesBuildPhase;
			buildActionMask = 2147483647;
			files = (
				657A4ECA20064F8C0001F0E0 /* emoji.png in Resources */,
				657A4EA4200604680001F0E0 /* LaunchScreen.storyboard in Resources */,
				657A4EA1200604680001F0E0 /* Assets.xcassets in Resources */,
				657A4E9F200604680001F0E0 /* Main.storyboard in Resources */,
			);
			runOnlyForDeploymentPostprocessing = 0;
		};
		657A4EA8200604680001F0E0 /* Resources */ = {
			isa = PBXResourcesBuildPhase;
			buildActionMask = 2147483647;
			files = (
			);
			runOnlyForDeploymentPostprocessing = 0;
		};
		657A4EB3200604690001F0E0 /* Resources */ = {
			isa = PBXResourcesBuildPhase;
			buildActionMask = 2147483647;
			files = (
			);
			runOnlyForDeploymentPostprocessing = 0;
		};
/* End PBXResourcesBuildPhase section */

/* Begin PBXSourcesBuildPhase section */
		657A4E8E200604680001F0E0 /* Sources */ = {
			isa = PBXSourcesBuildPhase;
			buildActionMask = 2147483647;
			files = (
				657A4E96200604680001F0E0 /* AppDelegate.swift in Sources */,
				657A4EC8200606830001F0E0 /* FinalViewController.swift in Sources */,
			);
			runOnlyForDeploymentPostprocessing = 0;
		};
		657A4EA6200604680001F0E0 /* Sources */ = {
			isa = PBXSourcesBuildPhase;
			buildActionMask = 2147483647;
			files = (
				657A4EAF200604690001F0E0 /* FinalTests.swift in Sources */,
			);
			runOnlyForDeploymentPostprocessing = 0;
		};
		657A4EB1200604690001F0E0 /* Sources */ = {
			isa = PBXSourcesBuildPhase;
			buildActionMask = 2147483647;
			files = (
				657A4EBA200604690001F0E0 /* FinalUITests.swift in Sources */,
			);
			runOnlyForDeploymentPostprocessing = 0;
		};
/* End PBXSourcesBuildPhase section */

/* Begin PBXTargetDependency section */
		657A4EAC200604680001F0E0 /* PBXTargetDependency */ = {
			isa = PBXTargetDependency;
			target = 657A4E91200604680001F0E0 /* Final */;
			targetProxy = 657A4EAB200604680001F0E0 /* PBXContainerItemProxy */;
		};
		657A4EB7200604690001F0E0 /* PBXTargetDependency */ = {
			isa = PBXTargetDependency;
			target = 657A4E91200604680001F0E0 /* Final */;
			targetProxy = 657A4EB6200604690001F0E0 /* PBXContainerItemProxy */;
		};
/* End PBXTargetDependency section */

/* Begin PBXVariantGroup section */
		657A4E9D200604680001F0E0 /* Main.storyboard */ = {
			isa = PBXVariantGroup;
			children = (
				657A4E9E200604680001F0E0 /* Base */,
			);
			name = Main.storyboard;
			sourceTree = "<group>";
		};
		657A4EA2200604680001F0E0 /* LaunchScreen.storyboard */ = {
			isa = PBXVariantGroup;
			children = (
				657A4EA3200604680001F0E0 /* Base */,
			);
			name = LaunchScreen.storyboard;
			sourceTree = "<group>";
		};
/* End PBXVariantGroup section */

/* Begin XCBuildConfiguration section */
		657A4EBC200604690001F0E0 /* Debug */ = {
			isa = XCBuildConfiguration;
			buildSettings = {
				ALWAYS_SEARCH_USER_PATHS = NO;
				CLANG_ANALYZER_NONNULL = YES;
				CLANG_ANALYZER_NUMBER_OBJECT_CONVERSION = YES_AGGRESSIVE;
				CLANG_CXX_LANGUAGE_STANDARD = "gnu++14";
				CLANG_CXX_LIBRARY = "libc++";
				CLANG_ENABLE_MODULES = YES;
				CLANG_ENABLE_OBJC_ARC = YES;
				CLANG_WARN_BLOCK_CAPTURE_AUTORELEASING = YES;
				CLANG_WARN_BOOL_CONVERSION = YES;
				CLANG_WARN_COMMA = YES;
				CLANG_WARN_CONSTANT_CONVERSION = YES;
				CLANG_WARN_DIRECT_OBJC_ISA_USAGE = YES_ERROR;
				CLANG_WARN_DOCUMENTATION_COMMENTS = YES;
				CLANG_WARN_EMPTY_BODY = YES;
				CLANG_WARN_ENUM_CONVERSION = YES;
				CLANG_WARN_INFINITE_RECURSION = YES;
				CLANG_WARN_INT_CONVERSION = YES;
				CLANG_WARN_NON_LITERAL_NULL_CONVERSION = YES;
				CLANG_WARN_OBJC_LITERAL_CONVERSION = YES;
				CLANG_WARN_OBJC_ROOT_CLASS = YES_ERROR;
				CLANG_WARN_RANGE_LOOP_ANALYSIS = YES;
				CLANG_WARN_STRICT_PROTOTYPES = YES;
				CLANG_WARN_SUSPICIOUS_MOVE = YES;
				CLANG_WARN_UNGUARDED_AVAILABILITY = YES_AGGRESSIVE;
				CLANG_WARN_UNREACHABLE_CODE = YES;
				CLANG_WARN__DUPLICATE_METHOD_MATCH = YES;
				CODE_SIGN_IDENTITY = "iPhone Developer";
				COPY_PHASE_STRIP = NO;
				DEBUG_INFORMATION_FORMAT = dwarf;
				ENABLE_STRICT_OBJC_MSGSEND = YES;
				ENABLE_TESTABILITY = YES;
				GCC_C_LANGUAGE_STANDARD = gnu11;
				GCC_DYNAMIC_NO_PIC = NO;
				GCC_NO_COMMON_BLOCKS = YES;
				GCC_OPTIMIZATION_LEVEL = 0;
				GCC_PREPROCESSOR_DEFINITIONS = (
					"DEBUG=1",
					"$(inherited)",
				);
				GCC_WARN_64_TO_32_BIT_CONVERSION = YES;
				GCC_WARN_ABOUT_RETURN_TYPE = YES_ERROR;
				GCC_WARN_UNDECLARED_SELECTOR = YES;
				GCC_WARN_UNINITIALIZED_AUTOS = YES_AGGRESSIVE;
				GCC_WARN_UNUSED_FUNCTION = YES;
				GCC_WARN_UNUSED_VARIABLE = YES;
				IPHONEOS_DEPLOYMENT_TARGET = 11.2;
				MTL_ENABLE_DEBUG_INFO = YES;
				ONLY_ACTIVE_ARCH = YES;
				SDKROOT = iphoneos;
				SWIFT_ACTIVE_COMPILATION_CONDITIONS = DEBUG;
				SWIFT_OPTIMIZATION_LEVEL = "-Onone";
			};
			name = Debug;
		};
		657A4EBD200604690001F0E0 /* Release */ = {
			isa = XCBuildConfiguration;
			buildSettings = {
				ALWAYS_SEARCH_USER_PATHS = NO;
				CLANG_ANALYZER_NONNULL = YES;
				CLANG_ANALYZER_NUMBER_OBJECT_CONVERSION = YES_AGGRESSIVE;
				CLANG_CXX_LANGUAGE_STANDARD = "gnu++14";
				CLANG_CXX_LIBRARY = "libc++";
				CLANG_ENABLE_MODULES = YES;
				CLANG_ENABLE_OBJC_ARC = YES;
				CLANG_WARN_BLOCK_CAPTURE_AUTORELEASING = YES;
				CLANG_WARN_BOOL_CONVERSION = YES;
				CLANG_WARN_COMMA = YES;
				CLANG_WARN_CONSTANT_CONVERSION = YES;
				CLANG_WARN_DIRECT_OBJC_ISA_USAGE = YES_ERROR;
				CLANG_WARN_DOCUMENTATION_COMMENTS = YES;
				CLANG_WARN_EMPTY_BODY = YES;
				CLANG_WARN_ENUM_CONVERSION = YES;
				CLANG_WARN_INFINITE_RECURSION = YES;
				CLANG_WARN_INT_CONVERSION = YES;
				CLANG_WARN_NON_LITERAL_NULL_CONVERSION = YES;
				CLANG_WARN_OBJC_LITERAL_CONVERSION = YES;
				CLANG_WARN_OBJC_ROOT_CLASS = YES_ERROR;
				CLANG_WARN_RANGE_LOOP_ANALYSIS = YES;
				CLANG_WARN_STRICT_PROTOTYPES = YES;
				CLANG_WARN_SUSPICIOUS_MOVE = YES;
				CLANG_WARN_UNGUARDED_AVAILABILITY = YES_AGGRESSIVE;
				CLANG_WARN_UNREACHABLE_CODE = YES;
				CLANG_WARN__DUPLICATE_METHOD_MATCH = YES;
				CODE_SIGN_IDENTITY = "iPhone Developer";
				COPY_PHASE_STRIP = NO;
				DEBUG_INFORMATION_FORMAT = "dwarf-with-dsym";
				ENABLE_NS_ASSERTIONS = NO;
				ENABLE_STRICT_OBJC_MSGSEND = YES;
				GCC_C_LANGUAGE_STANDARD = gnu11;
				GCC_NO_COMMON_BLOCKS = YES;
				GCC_WARN_64_TO_32_BIT_CONVERSION = YES;
				GCC_WARN_ABOUT_RETURN_TYPE = YES_ERROR;
				GCC_WARN_UNDECLARED_SELECTOR = YES;
				GCC_WARN_UNINITIALIZED_AUTOS = YES_AGGRESSIVE;
				GCC_WARN_UNUSED_FUNCTION = YES;
				GCC_WARN_UNUSED_VARIABLE = YES;
				IPHONEOS_DEPLOYMENT_TARGET = 11.2;
				MTL_ENABLE_DEBUG_INFO = NO;
				SDKROOT = iphoneos;
				SWIFT_OPTIMIZATION_LEVEL = "-Owholemodule";
				VALIDATE_PRODUCT = YES;
			};
			name = Release;
		};
		657A4EBF200604690001F0E0 /* Debug */ = {
			isa = XCBuildConfiguration;
			buildSettings = {
				ASSETCATALOG_COMPILER_APPICON_NAME = AppIcon;
				CODE_SIGN_STYLE = Automatic;
				INFOPLIST_FILE = Final/Info.plist;
				LD_RUNPATH_SEARCH_PATHS = "$(inherited) @executable_path/Frameworks";
				PRODUCT_BUNDLE_IDENTIFIER = com.grace.Final;
				PRODUCT_NAME = "$(TARGET_NAME)";
				SWIFT_VERSION = 4.0;
				TARGETED_DEVICE_FAMILY = "1,2";
			};
			name = Debug;
		};
		657A4EC0200604690001F0E0 /* Release */ = {
			isa = XCBuildConfiguration;
			buildSettings = {
				ASSETCATALOG_COMPILER_APPICON_NAME = AppIcon;
				CODE_SIGN_STYLE = Automatic;
				INFOPLIST_FILE = Final/Info.plist;
				LD_RUNPATH_SEARCH_PATHS = "$(inherited) @executable_path/Frameworks";
				PRODUCT_BUNDLE_IDENTIFIER = com.grace.Final;
				PRODUCT_NAME = "$(TARGET_NAME)";
				SWIFT_VERSION = 4.0;
				TARGETED_DEVICE_FAMILY = "1,2";
			};
			name = Release;
		};
		657A4EC2200604690001F0E0 /* Debug */ = {
			isa = XCBuildConfiguration;
			buildSettings = {
				ALWAYS_EMBED_SWIFT_STANDARD_LIBRARIES = YES;
				BUNDLE_LOADER = "$(TEST_HOST)";
				CODE_SIGN_STYLE = Automatic;
				INFOPLIST_FILE = FinalTests/Info.plist;
				LD_RUNPATH_SEARCH_PATHS = "$(inherited) @executable_path/Frameworks @loader_path/Frameworks";
				PRODUCT_BUNDLE_IDENTIFIER = com.grace.FinalTests;
				PRODUCT_NAME = "$(TARGET_NAME)";
				SWIFT_VERSION = 4.0;
				TARGETED_DEVICE_FAMILY = "1,2";
				TEST_HOST = "$(BUILT_PRODUCTS_DIR)/Final.app/Final";
			};
			name = Debug;
		};
		657A4EC3200604690001F0E0 /* Release */ = {
			isa = XCBuildConfiguration;
			buildSettings = {
				ALWAYS_EMBED_SWIFT_STANDARD_LIBRARIES = YES;
				BUNDLE_LOADER = "$(TEST_HOST)";
				CODE_SIGN_STYLE = Automatic;
				INFOPLIST_FILE = FinalTests/Info.plist;
				LD_RUNPATH_SEARCH_PATHS = "$(inherited) @executable_path/Frameworks @loader_path/Frameworks";
				PRODUCT_BUNDLE_IDENTIFIER = com.grace.FinalTests;
				PRODUCT_NAME = "$(TARGET_NAME)";
				SWIFT_VERSION = 4.0;
				TARGETED_DEVICE_FAMILY = "1,2";
				TEST_HOST = "$(BUILT_PRODUCTS_DIR)/Final.app/Final";
			};
			name = Release;
		};
		657A4EC5200604690001F0E0 /* Debug */ = {
			isa = XCBuildConfiguration;
			buildSettings = {
				ALWAYS_EMBED_SWIFT_STANDARD_LIBRARIES = YES;
				CODE_SIGN_STYLE = Automatic;
				INFOPLIST_FILE = FinalUITests/Info.plist;
				LD_RUNPATH_SEARCH_PATHS = "$(inherited) @executable_path/Frameworks @loader_path/Frameworks";
				PRODUCT_BUNDLE_IDENTIFIER = com.grace.FinalUITests;
				PRODUCT_NAME = "$(TARGET_NAME)";
				SWIFT_VERSION = 4.0;
				TARGETED_DEVICE_FAMILY = "1,2";
				TEST_TARGET_NAME = Final;
			};
			name = Debug;
		};
		657A4EC6200604690001F0E0 /* Release */ = {
			isa = XCBuildConfiguration;
			buildSettings = {
				ALWAYS_EMBED_SWIFT_STANDARD_LIBRARIES = YES;
				CODE_SIGN_STYLE = Automatic;
				INFOPLIST_FILE = FinalUITests/Info.plist;
				LD_RUNPATH_SEARCH_PATHS = "$(inherited) @executable_path/Frameworks @loader_path/Frameworks";
				PRODUCT_BUNDLE_IDENTIFIER = com.grace.FinalUITests;
				PRODUCT_NAME = "$(TARGET_NAME)";
				SWIFT_VERSION = 4.0;
				TARGETED_DEVICE_FAMILY = "1,2";
				TEST_TARGET_NAME = Final;
			};
			name = Release;
		};
/* End XCBuildConfiguration section */

/* Begin XCConfigurationList section */
		657A4E8D200604680001F0E0 /* Build configuration list for PBXProject "Final" */ = {
			isa = XCConfigurationList;
			buildConfigurations = (
				657A4EBC200604690001F0E0 /* Debug */,
				657A4EBD200604690001F0E0 /* Release */,
			);
			defaultConfigurationIsVisible = 0;
			defaultConfigurationName = Release;
		};
		657A4EBE200604690001F0E0 /* Build configuration list for PBXNativeTarget "Final" */ = {
			isa = XCConfigurationList;
			buildConfigurations = (
				657A4EBF200604690001F0E0 /* Debug */,
				657A4EC0200604690001F0E0 /* Release */,
			);
			defaultConfigurationIsVisible = 0;
			defaultConfigurationName = Release;
		};
		657A4EC1200604690001F0E0 /* Build configuration list for PBXNativeTarget "FinalTests" */ = {
			isa = XCConfigurationList;
			buildConfigurations = (
				657A4EC2200604690001F0E0 /* Debug */,
				657A4EC3200604690001F0E0 /* Release */,
			);
			defaultConfigurationIsVisible = 0;
			defaultConfigurationName = Release;
		};
		657A4EC4200604690001F0E0 /* Build configuration list for PBXNativeTarget "FinalUITests" */ = {
			isa = XCConfigurationList;
			buildConfigurations = (
				657A4EC5200604690001F0E0 /* Debug */,
				657A4EC6200604690001F0E0 /* Release */,
			);
			defaultConfigurationIsVisible = 0;
			defaultConfigurationName = Release;
		};
/* End XCConfigurationList section */
	};
	rootObject = 657A4E8A200604680001F0E0 /* Project object */;
}
